
Microsoft Visual Studio Solution File, Format Version 12.00
# Visual Studio Version 17
VisualStudioVersion = 17.7.34031.279
MinimumVisualStudioVersion = 10.0.40219.1
Project("{FAE04EC0-301F-11D3-BF4B-00C04F79EFBC}") = "Lab4Task", "Lab4Task\Lab4Task.csproj", "{D8A04B1A-C6ED-41FE-9133-4AB95A15FD18}"
EndProject
Global
	GlobalSection(SolutionConfigurationPlatforms) = preSolution
		Debug|Any CPU = Debug|Any CPU
		Release|Any CPU = Release|Any CPU
	EndGlobalSection
	GlobalSection(ProjectConfigurationPlatforms) = postSolution
		{D8A04B1A-C6ED-41FE-9133-4AB95A15FD18}.Debug|Any CPU.ActiveCfg = Debug|Any CPU
		{D8A04B1A-C6ED-41FE-9133-4AB95A15FD18}.Debug|Any CPU.Build.0 = Debug|Any CPU
		{D8A04B1A-C6ED-41FE-9133-4AB95A15FD18}.Release|Any CPU.ActiveCfg = Release|Any CPU
		{D8A04B1A-C6ED-41FE-9133-4AB95A15FD18}.Release|Any CPU.Build.0 = Release|Any CPU
	EndGlobalSection
	GlobalSection(SolutionProperties) = preSolution
		HideSolutionNode = FALSE
	EndGlobalSection
	GlobalSection(ExtensibilityGlobals) = postSolution
		SolutionGuid = {774F4C5C-5F26-4FF7-8671-38C48B1D5532}
	EndGlobalSection
EndGlobal
